
Microsoft Visual Studio Solution File, Format Version 12.00
# Visual Studio Version 17
VisualStudioVersion = 17.0.31903.59
MinimumVisualStudioVersion = 10.0.40219.1
Project("{9A19103F-16F7-4668-BE54-9A1E7A4F7556}") = "ExportsValidation", "ExportsValidation\ExportsValidation.csproj", "{AFE883A4-8155-4A1E-AFB9-1F3F0AF6A5FB}"
EndProject
Project("{9A19103F-16F7-4668-BE54-9A1E7A4F7556}") = "ExportsValidation.Tests", "ExportsValidation.Tests\ExportsValidation.Tests.csproj", "{BE8EC6F6-D64C-4761-9387-BE00AEF7409A}"
EndProject
Global
	GlobalSection(SolutionConfigurationPlatforms) = preSolution
		Debug|Any CPU = Debug|Any CPU
		ExportDebug|Any CPU = ExportDebug|Any CPU
		ExportRelease|Any CPU = ExportRelease|Any CPU
		Release|Any CPU = Release|Any CPU
	EndGlobalSection
	GlobalSection(ProjectConfigurationPlatforms) = postSolution
		{AFE883A4-8155-4A1E-AFB9-1F3F0AF6A5FB}.Debug|Any CPU.ActiveCfg = Debug|Any CPU
		{AFE883A4-8155-4A1E-AFB9-1F3F0AF6A5FB}.Debug|Any CPU.Build.0 = Debug|Any CPU
		{AFE883A4-8155-4A1E-AFB9-1F3F0AF6A5FB}.ExportDebug|Any CPU.ActiveCfg = Debug|Any CPU
		{AFE883A4-8155-4A1E-AFB9-1F3F0AF6A5FB}.ExportDebug|Any CPU.Build.0 = Debug|Any CPU
		{AFE883A4-8155-4A1E-AFB9-1F3F0AF6A5FB}.ExportRelease|Any CPU.ActiveCfg = Release|Any CPU
		{AFE883A4-8155-4A1E-AFB9-1F3F0AF6A5FB}.ExportRelease|Any CPU.Build.0 = Release|Any CPU
		{AFE883A4-8155-4A1E-AFB9-1F3F0AF6A5FB}.Release|Any CPU.ActiveCfg = Release|Any CPU
		{AFE883A4-8155-4A1E-AFB9-1F3F0AF6A5FB}.Release|Any CPU.Build.0 = Release|Any CPU
		{BE8EC6F6-D64C-4761-9387-BE00AEF7409A}.Debug|Any CPU.ActiveCfg = Debug|Any CPU
		{BE8EC6F6-D64C-4761-9387-BE00AEF7409A}.Debug|Any CPU.Build.0 = Debug|Any CPU
		{BE8EC6F6-D64C-4761-9387-BE00AEF7409A}.ExportDebug|Any CPU.ActiveCfg = ExportDebug|Any CPU
		{BE8EC6F6-D64C-4761-9387-BE00AEF7409A}.ExportDebug|Any CPU.Build.0 = ExportDebug|Any CPU
		{BE8EC6F6-D64C-4761-9387-BE00AEF7409A}.ExportRelease|Any CPU.ActiveCfg = ExportRelease|Any CPU
		{BE8EC6F6-D64C-4761-9387-BE00AEF7409A}.ExportRelease|Any CPU.Build.0 = ExportRelease|Any CPU
		{BE8EC6F6-D64C-4761-9387-BE00AEF7409A}.Release|Any CPU.ActiveCfg = ExportRelease|Any CPU
		{BE8EC6F6-D64C-4761-9387-BE00AEF7409A}.Release|Any CPU.Build.0 = ExportRelease|Any CPU
	EndGlobalSection
	GlobalSection(SolutionProperties) = preSolution
		HideSolutionNode = FALSE
	EndGlobalSection
	GlobalSection(ExtensibilityGlobals) = postSolution
		SolutionGuid = {0ED2240D-618E-4901-B136-E07065826271}
	EndGlobalSection
EndGlobal
