Microsoft Visual Studio Solution File, Format Version 12.00
# Visual Studio 2012
Project("{FAE04EC0-301F-11D3-BF4B-00C04F79EFBC}") = "ExportValidation.Tests", "ExportValidation.Tests.csproj", "{33ED63BF-8D2C-49D5-A537-27E4FA19B79E}"
EndProject
Global
	GlobalSection(SolutionConfigurationPlatforms) = preSolution
	Debug|Any CPU = Debug|Any CPU
	ExportDebug|Any CPU = ExportDebug|Any CPU
	ExportRelease|Any CPU = ExportRelease|Any CPU
	EndGlobalSection
	GlobalSection(ProjectConfigurationPlatforms) = postSolution
		{33ED63BF-8D2C-49D5-A537-27E4FA19B79E}.Debug|Any CPU.ActiveCfg = Debug|Any CPU
		{33ED63BF-8D2C-49D5-A537-27E4FA19B79E}.Debug|Any CPU.Build.0 = Debug|Any CPU
		{33ED63BF-8D2C-49D5-A537-27E4FA19B79E}.ExportDebug|Any CPU.ActiveCfg = ExportDebug|Any CPU
		{33ED63BF-8D2C-49D5-A537-27E4FA19B79E}.ExportDebug|Any CPU.Build.0 = ExportDebug|Any CPU
		{33ED63BF-8D2C-49D5-A537-27E4FA19B79E}.ExportRelease|Any CPU.ActiveCfg = ExportRelease|Any CPU
		{33ED63BF-8D2C-49D5-A537-27E4FA19B79E}.ExportRelease|Any CPU.Build.0 = ExportRelease|Any CPU
	EndGlobalSection
EndGlobal
